dependencies:
- name: dragonfly
  repository: oci://ghcr.io/dragonflydb/dragonfly/helm
  version: v1.37.0
- name: qdrant
  repository: https://qdrant.github.io/qdrant-helm
  version: 0.10.1
- name: weaviate
  repository: https://weaviate.github.io/weaviate-helm
  version: 17.7.1
- name: psmdb-operator
  repository: https://percona.github.io/percona-helm-charts
  version: 1.21.3
- name: valkey
  repository: https://valkey.io/valkey-helm/
  version: 0.9.3
digest: sha256:69a4ec0221c49546a89a0782bf329015492b8696a7363ebf94dc61095fd6c4b9
generated: "2026-04-05T12:54:51.362551+02:00"
